
Microsoft Visual Studio Solution File, Format Version 12.00
# Visual Studio 15
VisualStudioVersion = 15.0.28307.902
MinimumVisualStudioVersion = 10.0.40219.1
Project("{FAE04EC0-301F-11D3-BF4B-00C04F79EFBC}") = "Routine", "Routine\Routine.csproj", "{0259ACC4-2595-4871-AFE9-732C1C008DFF}"
EndProject
Global
	GlobalSection(SolutionConfigurationPlatforms) = preSolution
		Debug|Any CPU = Debug|Any CPU
		Debug|x64 = Debug|x64
		Debug|x86 = Debug|x86
		Release|Any CPU = Release|Any CPU
		Release|x64 = Release|x64
		Release|x86 = Release|x86
	EndGlobalSection
	GlobalSection(ProjectConfigurationPlatforms) = postSolution
		{0259ACC4-2595-4871-AFE9-732C1C008DFF}.Debug|Any CPU.ActiveCfg = Debug|Any CPU
		{0259ACC4-2595-4871-AFE9-732C1C008DFF}.Debug|Any CPU.Build.0 = Debug|Any CPU
		{0259ACC4-2595-4871-AFE9-732C1C008DFF}.Debug|x64.ActiveCfg = Debug|x64
		{0259ACC4-2595-4871-AFE9-732C1C008DFF}.Debug|x64.Build.0 = Debug|x64
		{0259ACC4-2595-4871-AFE9-732C1C008DFF}.Debug|x86.ActiveCfg = Debug|x86
		{0259ACC4-2595-4871-AFE9-732C1C008DFF}.Debug|x86.Build.0 = Debug|x86
		{0259ACC4-2595-4871-AFE9-732C1C008DFF}.Release|Any CPU.ActiveCfg = Release|Any CPU
		{0259ACC4-2595-4871-AFE9-732C1C008DFF}.Release|Any CPU.Build.0 = Release|Any CPU
		{0259ACC4-2595-4871-AFE9-732C1C008DFF}.Release|x64.ActiveCfg = Release|x64
		{0259ACC4-2595-4871-AFE9-732C1C008DFF}.Release|x64.Build.0 = Release|x64
		{0259ACC4-2595-4871-AFE9-732C1C008DFF}.Release|x86.ActiveCfg = Release|x86
		{0259ACC4-2595-4871-AFE9-732C1C008DFF}.Release|x86.Build.0 = Release|x86
	EndGlobalSection
	GlobalSection(SolutionProperties) = preSolution
		HideSolutionNode = FALSE
	EndGlobalSection
	GlobalSection(ExtensibilityGlobals) = postSolution
		SolutionGuid = {1FB5275B-7D4C-4DE2-948F-4AAC49128A48}
	EndGlobalSection
EndGlobal
